
Microsoft Visual Studio Solution File, Format Version 12.00
# Visual Studio Version 16
VisualStudioVersion = 16.0.30804.86
MinimumVisualStudioVersion = 10.0.40219.1
Project("{9A19103F-16F7-4668-BE54-9A1E7A4F7556}") = "Fundamentos", "Fundamentos\Fundamentos.csproj", "{1EE981A0-B8E3-4E88-84F8-6B4A36EAA2FB}"
EndProject
Project("{9A19103F-16F7-4668-BE54-9A1E7A4F7556}") = "EntradaESaidas", "EntradaESaidas\EntradaESaidas.csproj", "{4F4F3092-330F-41CE-88C5-C5D2945266FA}"
EndProject
Project("{9A19103F-16F7-4668-BE54-9A1E7A4F7556}") = "Conversao", "Conversao\Conversao.csproj", "{AFAE4E4B-370C-4D93-BC79-9FB34B9DD340}"
EndProject
Project("{9A19103F-16F7-4668-BE54-9A1E7A4F7556}") = "Operadores", "Operadores\Operadores.csproj", "{DEE9FC7F-1778-4A1D-A1A9-A6098A8350E0}"
EndProject
Project("{9A19103F-16F7-4668-BE54-9A1E7A4F7556}") = "Vetores", "Vetores\Vetores.csproj", "{B8B40BFB-261B-4F65-8D9C-5F6C485E2EF4}"
EndProject
Project("{9A19103F-16F7-4668-BE54-9A1E7A4F7556}") = "Matriz", "Matriz\Matriz.csproj", "{357D0891-18C6-43AB-B426-4FCEE8954A9B}"
EndProject
Project("{9A19103F-16F7-4668-BE54-9A1E7A4F7556}") = "MultiplicacaoDeVetores", "MultiplicacaoDeVetores\MultiplicacaoDeVetores.csproj", "{4F729519-DA6A-405C-A3CE-A7571E815F82}"
EndProject
Project("{9A19103F-16F7-4668-BE54-9A1E7A4F7556}") = "Metod", "Metod\Metod.csproj", "{FEC8A8C1-6BD6-4ADE-A5F0-B7B9EC9A207C}"
EndProject
Project("{9A19103F-16F7-4668-BE54-9A1E7A4F7556}") = "TermoThis", "TermoThis\TermoThis.csproj", "{BBBEB588-1842-4844-AC57-7B073BF54D60}"
EndProject
Project("{9A19103F-16F7-4668-BE54-9A1E7A4F7556}") = "TipoDelegate", "TipoDelegate\TipoDelegate.csproj", "{C60BE7ED-7E3E-48DF-9823-D62A2D14F3F4}"
EndProject
Project("{9A19103F-16F7-4668-BE54-9A1E7A4F7556}") = "MetodoConstrutor", "MetodoConstrutor\MetodoConstrutor.csproj", "{E7754B8C-90FE-46D4-A3CA-08D4586890B2}"
EndProject
Project("{9A19103F-16F7-4668-BE54-9A1E7A4F7556}") = "Propriedades", "Propriedades\Propriedades.csproj", "{EE987848-053F-41DA-B186-95067651A9FB}"
EndProject
Project("{9A19103F-16F7-4668-BE54-9A1E7A4F7556}") = "Encapsular", "Emcapsular\Encapsular.csproj", "{DB8223C6-E671-4E47-A121-885901675971}"
EndProject
Project("{9A19103F-16F7-4668-BE54-9A1E7A4F7556}") = "heranca", "heranca\heranca.csproj", "{7156F41D-6237-4B37-A263-CEE85B5387AB}"
EndProject
Project("{9A19103F-16F7-4668-BE54-9A1E7A4F7556}") = "Modificadores", "Modificadores\Modificadores.csproj", "{0B1836B8-EF91-4A58-8887-373DFCD1E271}"
EndProject
Project("{9A19103F-16F7-4668-BE54-9A1E7A4F7556}") = "Polimorfismo", "Polimorfismo\Polimorfismo.csproj", "{9D4F9ED4-C0E9-4790-872F-E376494EEC27}"
EndProject
Project("{FAE04EC0-301F-11D3-BF4B-00C04F79EFBC}") = "Media GeralPOO", "Media GeralPOO\Media GeralPOO.csproj", "{04BBA5A0-5B33-419F-B21A-C5E1C4BB3D4D}"
EndProject
Global
	GlobalSection(SolutionConfigurationPlatforms) = preSolution
		Debug|Any CPU = Debug|Any CPU
		Release|Any CPU = Release|Any CPU
	EndGlobalSection
	GlobalSection(ProjectConfigurationPlatforms) = postSolution
		{1EE981A0-B8E3-4E88-84F8-6B4A36EAA2FB}.Debug|Any CPU.ActiveCfg = Debug|Any CPU
		{1EE981A0-B8E3-4E88-84F8-6B4A36EAA2FB}.Debug|Any CPU.Build.0 = Debug|Any CPU
		{1EE981A0-B8E3-4E88-84F8-6B4A36EAA2FB}.Release|Any CPU.ActiveCfg = Release|Any CPU
		{1EE981A0-B8E3-4E88-84F8-6B4A36EAA2FB}.Release|Any CPU.Build.0 = Release|Any CPU
		{4F4F3092-330F-41CE-88C5-C5D2945266FA}.Debug|Any CPU.ActiveCfg = Debug|Any CPU
		{4F4F3092-330F-41CE-88C5-C5D2945266FA}.Debug|Any CPU.Build.0 = Debug|Any CPU
		{4F4F3092-330F-41CE-88C5-C5D2945266FA}.Release|Any CPU.ActiveCfg = Release|Any CPU
		{4F4F3092-330F-41CE-88C5-C5D2945266FA}.Release|Any CPU.Build.0 = Release|Any CPU
		{AFAE4E4B-370C-4D93-BC79-9FB34B9DD340}.Debug|Any CPU.ActiveCfg = Debug|Any CPU
		{AFAE4E4B-370C-4D93-BC79-9FB34B9DD340}.Debug|Any CPU.Build.0 = Debug|Any CPU
		{AFAE4E4B-370C-4D93-BC79-9FB34B9DD340}.Release|Any CPU.ActiveCfg = Release|Any CPU
		{AFAE4E4B-370C-4D93-BC79-9FB34B9DD340}.Release|Any CPU.Build.0 = Release|Any CPU
		{DEE9FC7F-1778-4A1D-A1A9-A6098A8350E0}.Debug|Any CPU.ActiveCfg = Debug|Any CPU
		{DEE9FC7F-1778-4A1D-A1A9-A6098A8350E0}.Debug|Any CPU.Build.0 = Debug|Any CPU
		{DEE9FC7F-1778-4A1D-A1A9-A6098A8350E0}.Release|Any CPU.ActiveCfg = Release|Any CPU
		{DEE9FC7F-1778-4A1D-A1A9-A6098A8350E0}.Release|Any CPU.Build.0 = Release|Any CPU
		{B8B40BFB-261B-4F65-8D9C-5F6C485E2EF4}.Debug|Any CPU.ActiveCfg = Debug|Any CPU
		{B8B40BFB-261B-4F65-8D9C-5F6C485E2EF4}.Debug|Any CPU.Build.0 = Debug|Any CPU
		{B8B40BFB-261B-4F65-8D9C-5F6C485E2EF4}.Release|Any CPU.ActiveCfg = Release|Any CPU
		{B8B40BFB-261B-4F65-8D9C-5F6C485E2EF4}.Release|Any CPU.Build.0 = Release|Any CPU
		{357D0891-18C6-43AB-B426-4FCEE8954A9B}.Debug|Any CPU.ActiveCfg = Debug|Any CPU
		{357D0891-18C6-43AB-B426-4FCEE8954A9B}.Debug|Any CPU.Build.0 = Debug|Any CPU
		{357D0891-18C6-43AB-B426-4FCEE8954A9B}.Release|Any CPU.ActiveCfg = Release|Any CPU
		{357D0891-18C6-43AB-B426-4FCEE8954A9B}.Release|Any CPU.Build.0 = Release|Any CPU
		{4F729519-DA6A-405C-A3CE-A7571E815F82}.Debug|Any CPU.ActiveCfg = Debug|Any CPU
		{4F729519-DA6A-405C-A3CE-A7571E815F82}.Debug|Any CPU.Build.0 = Debug|Any CPU
		{4F729519-DA6A-405C-A3CE-A7571E815F82}.Release|Any CPU.ActiveCfg = Release|Any CPU
		{4F729519-DA6A-405C-A3CE-A7571E815F82}.Release|Any CPU.Build.0 = Release|Any CPU
		{FEC8A8C1-6BD6-4ADE-A5F0-B7B9EC9A207C}.Debug|Any CPU.ActiveCfg = Debug|Any CPU
		{FEC8A8C1-6BD6-4ADE-A5F0-B7B9EC9A207C}.Debug|Any CPU.Build.0 = Debug|Any CPU
		{FEC8A8C1-6BD6-4ADE-A5F0-B7B9EC9A207C}.Release|Any CPU.ActiveCfg = Release|Any CPU
		{FEC8A8C1-6BD6-4ADE-A5F0-B7B9EC9A207C}.Release|Any CPU.Build.0 = Release|Any CPU
		{BBBEB588-1842-4844-AC57-7B073BF54D60}.Debug|Any CPU.ActiveCfg = Debug|Any CPU
		{BBBEB588-1842-4844-AC57-7B073BF54D60}.Debug|Any CPU.Build.0 = Debug|Any CPU
		{BBBEB588-1842-4844-AC57-7B073BF54D60}.Release|Any CPU.ActiveCfg = Release|Any CPU
		{BBBEB588-1842-4844-AC57-7B073BF54D60}.Release|Any CPU.Build.0 = Release|Any CPU
		{C60BE7ED-7E3E-48DF-9823-D62A2D14F3F4}.Debug|Any CPU.ActiveCfg = Debug|Any CPU
		{C60BE7ED-7E3E-48DF-9823-D62A2D14F3F4}.Debug|Any CPU.Build.0 = Debug|Any CPU
		{C60BE7ED-7E3E-48DF-9823-D62A2D14F3F4}.Release|Any CPU.ActiveCfg = Release|Any CPU
		{C60BE7ED-7E3E-48DF-9823-D62A2D14F3F4}.Release|Any CPU.Build.0 = Release|Any CPU
		{E7754B8C-90FE-46D4-A3CA-08D4586890B2}.Debug|Any CPU.ActiveCfg = Debug|Any CPU
		{E7754B8C-90FE-46D4-A3CA-08D4586890B2}.Debug|Any CPU.Build.0 = Debug|Any CPU
		{E7754B8C-90FE-46D4-A3CA-08D4586890B2}.Release|Any CPU.ActiveCfg = Release|Any CPU
		{E7754B8C-90FE-46D4-A3CA-08D4586890B2}.Release|Any CPU.Build.0 = Release|Any CPU
		{EE987848-053F-41DA-B186-95067651A9FB}.Debug|Any CPU.ActiveCfg = Debug|Any CPU
		{EE987848-053F-41DA-B186-95067651A9FB}.Debug|Any CPU.Build.0 = Debug|Any CPU
		{EE987848-053F-41DA-B186-95067651A9FB}.Release|Any CPU.ActiveCfg = Release|Any CPU
		{EE987848-053F-41DA-B186-95067651A9FB}.Release|Any CPU.Build.0 = Release|Any CPU
		{DB8223C6-E671-4E47-A121-885901675971}.Debug|Any CPU.ActiveCfg = Debug|Any CPU
		{DB8223C6-E671-4E47-A121-885901675971}.Debug|Any CPU.Build.0 = Debug|Any CPU
		{DB8223C6-E671-4E47-A121-885901675971}.Release|Any CPU.ActiveCfg = Release|Any CPU
		{DB8223C6-E671-4E47-A121-885901675971}.Release|Any CPU.Build.0 = Release|Any CPU
		{7156F41D-6237-4B37-A263-CEE85B5387AB}.Debug|Any CPU.ActiveCfg = Debug|Any CPU
		{7156F41D-6237-4B37-A263-CEE85B5387AB}.Debug|Any CPU.Build.0 = Debug|Any CPU
		{7156F41D-6237-4B37-A263-CEE85B5387AB}.Release|Any CPU.ActiveCfg = Release|Any CPU
		{7156F41D-6237-4B37-A263-CEE85B5387AB}.Release|Any CPU.Build.0 = Release|Any CPU
		{0B1836B8-EF91-4A58-8887-373DFCD1E271}.Debug|Any CPU.ActiveCfg = Debug|Any CPU
		{0B1836B8-EF91-4A58-8887-373DFCD1E271}.Debug|Any CPU.Build.0 = Debug|Any CPU
		{0B1836B8-EF91-4A58-8887-373DFCD1E271}.Release|Any CPU.ActiveCfg = Release|Any CPU
		{0B1836B8-EF91-4A58-8887-373DFCD1E271}.Release|Any CPU.Build.0 = Release|Any CPU
		{9D4F9ED4-C0E9-4790-872F-E376494EEC27}.Debug|Any CPU.ActiveCfg = Debug|Any CPU
		{9D4F9ED4-C0E9-4790-872F-E376494EEC27}.Debug|Any CPU.Build.0 = Debug|Any CPU
		{9D4F9ED4-C0E9-4790-872F-E376494EEC27}.Release|Any CPU.ActiveCfg = Release|Any CPU
		{9D4F9ED4-C0E9-4790-872F-E376494EEC27}.Release|Any CPU.Build.0 = Release|Any CPU
		{04BBA5A0-5B33-419F-B21A-C5E1C4BB3D4D}.Debug|Any CPU.ActiveCfg = Debug|Any CPU
		{04BBA5A0-5B33-419F-B21A-C5E1C4BB3D4D}.Debug|Any CPU.Build.0 = Debug|Any CPU
		{04BBA5A0-5B33-419F-B21A-C5E1C4BB3D4D}.Release|Any CPU.ActiveCfg = Release|Any CPU
		{04BBA5A0-5B33-419F-B21A-C5E1C4BB3D4D}.Release|Any CPU.Build.0 = Release|Any CPU
	EndGlobalSection
	GlobalSection(SolutionProperties) = preSolution
		HideSolutionNode = FALSE
	EndGlobalSection
	GlobalSection(ExtensibilityGlobals) = postSolution
		SolutionGuid = {0E4F4FCA-3DA6-49D2-9E75-75754401E9C9}
	EndGlobalSection
EndGlobal
